
Microsoft Visual Studio Solution File, Format Version 12.00
# Visual Studio 2012
Project("{2150E333-8FDC-42A3-9474-1A3956D46DE8}") = "Solution Items", "Solution Items", "{D487DD62-FA76-4AF8-8C23-DD816F617511}"
	ProjectSection(SolutionItems) = preProject
		IntegrationTests.testsettings = IntegrationTests.testsettings
		README.md = README.md
		UnitTests.testsettings = UnitTests.testsettings
	EndProjectSection
EndProject
Project("{FAE04EC0-301F-11D3-BF4B-00C04F79EFBC}") = "GithubVs", "GithubVs\GithubVs.csproj", "{C7265F94-6E70-494A-B5EE-4F0CAD5B3243}"
EndProject
Project("{FAE04EC0-301F-11D3-BF4B-00C04F79EFBC}") = "GithubVs_IntegrationTests", "GithubVs\GithubVs_IntegrationTests\GithubVs_IntegrationTests.csproj", "{B704C99D-C3F7-4862-8113-2250A855A636}"
EndProject
Project("{FAE04EC0-301F-11D3-BF4B-00C04F79EFBC}") = "GithubVs_UnitTests", "GithubVs\GithubVs_UnitTests\GithubVs_UnitTests.csproj", "{F9CA32EA-D1FA-4C67-834D-ED3F3437C81F}"
EndProject
Project("{FAE04EC0-301F-11D3-BF4B-00C04F79EFBC}") = "GithubClient", "GithubClient\GithubClient.csproj", "{BCEE1457-E2DE-4A0D-9A2C-ECD550129B97}"
EndProject
Project("{FAE04EC0-301F-11D3-BF4B-00C04F79EFBC}") = "GithubClient.Tests", "GithubClient.Tests\GithubClient.Tests.csproj", "{F5E48445-6AA6-4BC0-ADA7-4C3FACDF45BF}"
EndProject
Project("{FAE04EC0-301F-11D3-BF4B-00C04F79EFBC}") = "ParserCombinator", "..\TextualDslKit\ParserCombinator\ParserCombinator.csproj", "{6900956D-DB6D-4109-852A-9B3889ED9BC6}"
EndProject
Project("{FAE04EC0-301F-11D3-BF4B-00C04F79EFBC}") = "JsonParsers", "JsonParsers\JsonParsers.csproj", "{0B68CEBE-4BF8-4CF3-972B-AD82657B56F1}"
EndProject
Project("{FAE04EC0-301F-11D3-BF4B-00C04F79EFBC}") = "JsonParsers.Tests", "JsonParsers.Tests\JsonParsers.Tests.csproj", "{9F275B3C-5A65-4751-B1D8-C44ABC5E8653}"
EndProject
Global
	GlobalSection(SolutionConfigurationPlatforms) = preSolution
		Debug|Any CPU = Debug|Any CPU
		Release|Any CPU = Release|Any CPU
	EndGlobalSection
	GlobalSection(ProjectConfigurationPlatforms) = postSolution
		{C7265F94-6E70-494A-B5EE-4F0CAD5B3243}.Debug|Any CPU.ActiveCfg = Debug|Any CPU
		{C7265F94-6E70-494A-B5EE-4F0CAD5B3243}.Debug|Any CPU.Build.0 = Debug|Any CPU
		{C7265F94-6E70-494A-B5EE-4F0CAD5B3243}.Release|Any CPU.ActiveCfg = Release|Any CPU
		{C7265F94-6E70-494A-B5EE-4F0CAD5B3243}.Release|Any CPU.Build.0 = Release|Any CPU
		{B704C99D-C3F7-4862-8113-2250A855A636}.Debug|Any CPU.ActiveCfg = Debug|Any CPU
		{B704C99D-C3F7-4862-8113-2250A855A636}.Debug|Any CPU.Build.0 = Debug|Any CPU
		{B704C99D-C3F7-4862-8113-2250A855A636}.Release|Any CPU.ActiveCfg = Release|Any CPU
		{B704C99D-C3F7-4862-8113-2250A855A636}.Release|Any CPU.Build.0 = Release|Any CPU
		{F9CA32EA-D1FA-4C67-834D-ED3F3437C81F}.Debug|Any CPU.ActiveCfg = Debug|Any CPU
		{F9CA32EA-D1FA-4C67-834D-ED3F3437C81F}.Debug|Any CPU.Build.0 = Debug|Any CPU
		{F9CA32EA-D1FA-4C67-834D-ED3F3437C81F}.Release|Any CPU.ActiveCfg = Release|Any CPU
		{F9CA32EA-D1FA-4C67-834D-ED3F3437C81F}.Release|Any CPU.Build.0 = Release|Any CPU
		{BCEE1457-E2DE-4A0D-9A2C-ECD550129B97}.Debug|Any CPU.ActiveCfg = Debug|Any CPU
		{BCEE1457-E2DE-4A0D-9A2C-ECD550129B97}.Debug|Any CPU.Build.0 = Debug|Any CPU
		{BCEE1457-E2DE-4A0D-9A2C-ECD550129B97}.Release|Any CPU.ActiveCfg = Release|Any CPU
		{BCEE1457-E2DE-4A0D-9A2C-ECD550129B97}.Release|Any CPU.Build.0 = Release|Any CPU
		{F5E48445-6AA6-4BC0-ADA7-4C3FACDF45BF}.Debug|Any CPU.ActiveCfg = Debug|Any CPU
		{F5E48445-6AA6-4BC0-ADA7-4C3FACDF45BF}.Debug|Any CPU.Build.0 = Debug|Any CPU
		{F5E48445-6AA6-4BC0-ADA7-4C3FACDF45BF}.Release|Any CPU.ActiveCfg = Release|Any CPU
		{F5E48445-6AA6-4BC0-ADA7-4C3FACDF45BF}.Release|Any CPU.Build.0 = Release|Any CPU
		{6900956D-DB6D-4109-852A-9B3889ED9BC6}.Debug|Any CPU.ActiveCfg = Debug|Any CPU
		{6900956D-DB6D-4109-852A-9B3889ED9BC6}.Debug|Any CPU.Build.0 = Debug|Any CPU
		{6900956D-DB6D-4109-852A-9B3889ED9BC6}.Release|Any CPU.ActiveCfg = Release|Any CPU
		{6900956D-DB6D-4109-852A-9B3889ED9BC6}.Release|Any CPU.Build.0 = Release|Any CPU
		{0B68CEBE-4BF8-4CF3-972B-AD82657B56F1}.Debug|Any CPU.ActiveCfg = Debug|Any CPU
		{0B68CEBE-4BF8-4CF3-972B-AD82657B56F1}.Debug|Any CPU.Build.0 = Debug|Any CPU
		{0B68CEBE-4BF8-4CF3-972B-AD82657B56F1}.Release|Any CPU.ActiveCfg = Release|Any CPU
		{0B68CEBE-4BF8-4CF3-972B-AD82657B56F1}.Release|Any CPU.Build.0 = Release|Any CPU
		{9F275B3C-5A65-4751-B1D8-C44ABC5E8653}.Debug|Any CPU.ActiveCfg = Debug|Any CPU
		{9F275B3C-5A65-4751-B1D8-C44ABC5E8653}.Debug|Any CPU.Build.0 = Debug|Any CPU
		{9F275B3C-5A65-4751-B1D8-C44ABC5E8653}.Release|Any CPU.ActiveCfg = Release|Any CPU
		{9F275B3C-5A65-4751-B1D8-C44ABC5E8653}.Release|Any CPU.Build.0 = Release|Any CPU
	EndGlobalSection
	GlobalSection(SolutionProperties) = preSolution
		HideSolutionNode = FALSE
	EndGlobalSection
EndGlobal
